
Microsoft Visual Studio Solution File, Format Version 12.00
# Visual Studio Version 16
VisualStudioVersion = 16.0.30611.23
MinimumVisualStudioVersion = 10.0.40219.1
Project("{FAE04EC0-301F-11D3-BF4B-00C04F79EFBC}") = "BulkyBook", "BulkyBook\BulkyBook.csproj", "{9C3C35FC-117D-45BD-8686-9E062442492F}"
EndProject
Global
	GlobalSection(SolutionConfigurationPlatforms) = preSolution
		Debug|Any CPU = Debug|Any CPU
		Release|Any CPU = Release|Any CPU
	EndGlobalSection
	GlobalSection(ProjectConfigurationPlatforms) = postSolution
		{9C3C35FC-117D-45BD-8686-9E062442492F}.Debug|Any CPU.ActiveCfg = Debug|Any CPU
		{9C3C35FC-117D-45BD-8686-9E062442492F}.Debug|Any CPU.Build.0 = Debug|Any CPU
		{9C3C35FC-117D-45BD-8686-9E062442492F}.Release|Any CPU.ActiveCfg = Release|Any CPU
		{9C3C35FC-117D-45BD-8686-9E062442492F}.Release|Any CPU.Build.0 = Release|Any CPU
	EndGlobalSection
	GlobalSection(SolutionProperties) = preSolution
		HideSolutionNode = FALSE
	EndGlobalSection
	GlobalSection(ExtensibilityGlobals) = postSolution
		SolutionGuid = {63EB8F44-FF85-4E19-9337-C5049D8E20DD}
	EndGlobalSection
EndGlobal
